# This file is automatically @generated by Poetry 2.0.0.dev0 and should not be changed by hand.

[[package]]
name = "maturin"
version = "1.8.1"
description = "Build and publish crates with pyo3, cffi and uniffi bindings as well as rust binaries as python packages"
optional = false
python-versions = ">=3.7"
groups = ["main"]
files = [
    {file = "maturin-1.8.1-py3-none-linux_armv6l.whl", hash = "sha256:7e590a23d9076b8a994f2e67bc63dc9a2d1c9a41b1e7b45ac354ba8275254e89"},
    {file = "maturin-1.8.1-py3-none-macosx_10_12_x86_64.macosx_11_0_arm64.macosx_10_12_universal2.whl", hash = "sha256:8d8251a95682c83ea60988c804b620c181911cd824aa107b4a49ac5333c92968"},
    {file = "maturin-1.8.1-py3-none-macosx_10_12_x86_64.whl", hash = "sha256:b9fc1a4354cac5e32c190410208039812ea88c4a36bd2b6499268ec49ef5de00"},
    {file = "maturin-1.8.1-py3-none-manylinux_2_12_i686.manylinux2010_i686.musllinux_1_1_i686.whl", hash = "sha256:621e171c6b39f95f1d0df69a118416034fbd59c0f89dcaea8c2ea62019deecba"},
    {file = "maturin-1.8.1-py3-none-manylinux_2_12_x86_64.manylinux2010_x86_64.musllinux_1_1_x86_64.whl", hash = "sha256:98f638739a5132962347871b85c91f525c9246ef4d99796ae98a2031e3df029f"},
    {file = "maturin-1.8.1-py3-none-manylinux_2_17_aarch64.manylinux2014_aarch64.musllinux_1_1_aarch64.whl", hash = "sha256:f9f5c47521924b6e515cbc652a042fe5f17f8747445be9d931048e5d8ddb50a4"},
    {file = "maturin-1.8.1-py3-none-manylinux_2_17_armv7l.manylinux2014_armv7l.musllinux_1_1_armv7l.whl", hash = "sha256:0f4407c7353c31bfbb8cdeb82bc2170e474cbfb97b5ba27568f440c9d6c1fdd4"},
    {file = "maturin-1.8.1-py3-none-manylinux_2_17_ppc64le.manylinux2014_ppc64le.musllinux_1_1_ppc64le.whl", hash = "sha256:ec49cd70cad3c389946c6e2bc0bd50772a7fcb463040dd800720345897eec9bf"},
    {file = "maturin-1.8.1-py3-none-manylinux_2_17_s390x.manylinux2014_s390x.whl", hash = "sha256:c08767d794de8f8a11c5c8b1b47a4ff9fb6ae2d2d97679e27030f2f509c8c2a0"},
    {file = "maturin-1.8.1-py3-none-win32.whl", hash = "sha256:d678407713f3e10df33c5b3d7a343ec0551eb7f14d8ad9ba6febeb96f4e4c75c"},
    {file = "maturin-1.8.1-py3-none-win_amd64.whl", hash = "sha256:a526f90fe0e5cb59ffb81f4ff547ddc42e823bbdeae4a31012c0893ca6dcaf46"},
    {file = "maturin-1.8.1-py3-none-win_arm64.whl", hash = "sha256:e95f077fd2ddd2f048182880eed458c308571a534be3eb2add4d3dac55bf57f4"},
    {file = "maturin-1.8.1.tar.gz", hash = "sha256:49cd964aabf59f8b0a6969f9860d2cdf194ac331529caae14c884f5659568857"},
]

[package.extras]
patchelf = ["patchelf"]
zig = ["ziglang (>=0.10.0,<0.13.0)"]

[metadata]
lock-version = "2.1"
python-versions = "^3.12"
content-hash = "f09042344d6cb7fbb901e2255171e6c64b829887d0fdcd8d3997267d79fa95a3"
